
Microsoft Visual Studio Solution File, Format Version 12.00
# Visual Studio Version 17
VisualStudioVersion = 17.8.34511.84
MinimumVisualStudioVersion = 10.0.40219.1
Project("{9A19103F-16F7-4668-BE54-9A1E7A4F7556}") = "ContosoCrafts.WebSite", "ContosoCrafts.WebSite\ContosoCrafts.WebSite.csproj", "{877E70FA-DAF8-4289-8CF5-6109C0E722BE}"
EndProject
Global
	GlobalSection(SolutionConfigurationPlatforms) = preSolution
		Debug|Any CPU = Debug|Any CPU
		Release|Any CPU = Release|Any CPU
	EndGlobalSection
	GlobalSection(ProjectConfigurationPlatforms) = postSolution
		{877E70FA-DAF8-4289-8CF5-6109C0E722BE}.Debug|Any CPU.ActiveCfg = Debug|Any CPU
		{877E70FA-DAF8-4289-8CF5-6109C0E722BE}.Debug|Any CPU.Build.0 = Debug|Any CPU
		{877E70FA-DAF8-4289-8CF5-6109C0E722BE}.Release|Any CPU.ActiveCfg = Release|Any CPU
		{877E70FA-DAF8-4289-8CF5-6109C0E722BE}.Release|Any CPU.Build.0 = Release|Any CPU
	EndGlobalSection
	GlobalSection(SolutionProperties) = preSolution
		HideSolutionNode = FALSE
	EndGlobalSection
	GlobalSection(ExtensibilityGlobals) = postSolution
		SolutionGuid = {EA5F9BC0-8FBA-4A13-AF84-7A6BE2FBFEB0}
	EndGlobalSection
EndGlobal
